// !$*UTF8*$!
{
	archiveVersion = 1;
	classes = {
	};
	objectVersion = 50;
	objects = {

/* Begin PBXBuildFile section */
		6F50B711258A482400FF430C /* AppDelegate.swift in Sources */ = {isa = PBXBuildFile; fileRef = 6F50B710258A482400FF430C /* AppDelegate.swift */; };
		6F50B713258A482400FF430C /* SceneDelegate.swift in Sources */ = {isa = PBXBuildFile; fileRef = 6F50B712258A482400FF430C /* SceneDelegate.swift */; };
		6F50B715258A482400FF430C /* ViewController.swift in Sources */ = {isa = PBXBuildFile; fileRef = 6F50B714258A482400FF430C /* ViewController.swift */; };
		6F50B718258A482400FF430C /* Main.storyboard in Resources */ = {isa = PBXBuildFile; fileRef = 6F50B716258A482400FF430C /* Main.storyboard */; };
		6F50B71B258A482400FF430C /* CommandPattern.xcdatamodeld in Sources */ = {isa = PBXBuildFile; fileRef = 6F50B719258A482400FF430C /* CommandPattern.xcdatamodeld */; };
		6F50B71D258A482600FF430C /* Assets.xcassets in Resources */ = {isa = PBXBuildFile; fileRef = 6F50B71C258A482600FF430C /* Assets.xcassets */; };
		6F50B720258A482600FF430C /* LaunchScreen.storyboard in Resources */ = {isa = PBXBuildFile; fileRef = 6F50B71E258A482600FF430C /* LaunchScreen.storyboard */; };
		6F50B728258A485900FF430C /* CommandPattern.swift in Sources */ = {isa = PBXBuildFile; fileRef = 6F50B727258A485900FF430C /* CommandPattern.swift */; };
/* End PBXBuildFile section */

/* Begin PBXFileReference section */
		6F50B70D258A482400FF430C /* CommandPattern.app */ = {isa = PBXFileReference; explicitFileType = wrapper.application; includeInIndex = 0; path = CommandPattern.app; sourceTree = BUILT_PRODUCTS_DIR; };
		6F50B710258A482400FF430C /* AppDelegate.swift */ = {isa = PBXFileReference; lastKnownFileType = sourcecode.swift; path = AppDelegate.swift; sourceTree = "<group>"; };
		6F50B712258A482400FF430C /* SceneDelegate.swift */ = {isa = PBXFileReference; lastKnownFileType = sourcecode.swift; path = SceneDelegate.swift; sourceTree = "<group>"; };
		6F50B714258A482400FF430C /* ViewController.swift */ = {isa = PBXFileReference; lastKnownFileType = sourcecode.swift; path = ViewController.swift; sourceTree = "<group>"; };
		6F50B717258A482400FF430C /* Base */ = {isa = PBXFileReference; lastKnownFileType = file.storyboard; name = Base; path = Base.lproj/Main.storyboard; sourceTree = "<group>"; };
		6F50B71A258A482400FF430C /* CommandPattern.xcdatamodel */ = {isa = PBXFileReference; lastKnownFileType = wrapper.xcdatamodel; path = CommandPattern.xcdatamodel; sourceTree = "<group>"; };
		6F50B71C258A482600FF430C /* Assets.xcassets */ = {isa = PBXFileReference; lastKnownFileType = folder.assetcatalog; path = Assets.xcassets; sourceTree = "<group>"; };
		6F50B71F258A482600FF430C /* Base */ = {isa = PBXFileReference; lastKnownFileType = file.storyboard; name = Base; path = Base.lproj/LaunchScreen.storyboard; sourceTree = "<group>"; };
		6F50B721258A482600FF430C /* Info.plist */ = {isa = PBXFileReference; lastKnownFileType = text.plist.xml; path = Info.plist; sourceTree = "<group>"; };
		6F50B727258A485900FF430C /* CommandPattern.swift */ = {isa = PBXFileReference; lastKnownFileType = sourcecode.swift; path = CommandPattern.swift; sourceTree = "<group>"; };
/* End PBXFileReference section */

/* Begin PBXFrameworksBuildPhase section */
		6F50B70A258A482400FF430C /* Frameworks */ = {
			isa = PBXFrameworksBuildPhase;
			buildActionMask = 2147483647;
			files = (
			);
			runOnlyForDeploymentPostprocessing = 0;
		};
/* End PBXFrameworksBuildPhase section */

/* Begin PBXGroup section */
		6F50B704258A482400FF430C = {
			isa = PBXGroup;
			children = (
				6F50B70F258A482400FF430C /* CommandPattern */,
				6F50B70E258A482400FF430C /* Products */,
			);
			sourceTree = "<group>";
		};
		6F50B70E258A482400FF430C /* Products */ = {
			isa = PBXGroup;
			children = (
				6F50B70D258A482400FF430C /* CommandPattern.app */,
			);
			name = Products;
			sourceTree = "<group>";
		};
		6F50B70F258A482400FF430C /* CommandPattern */ = {
			isa = PBXGroup;
			children = (
				6F50B710258A482400FF430C /* AppDelegate.swift */,
				6F50B712258A482400FF430C /* SceneDelegate.swift */,
				6F50B714258A482400FF430C /* ViewController.swift */,
				6F50B727258A485900FF430C /* CommandPattern.swift */,
				6F50B716258A482400FF430C /* Main.storyboard */,
				6F50B71C258A482600FF430C /* Assets.xcassets */,
				6F50B71E258A482600FF430C /* LaunchScreen.storyboard */,
				6F50B721258A482600FF430C /* Info.plist */,
				6F50B719258A482400FF430C /* CommandPattern.xcdatamodeld */,
			);
			path = CommandPattern;
			sourceTree = "<group>";
		};
/* End PBXGroup section */

/* Begin PBXNativeTarget section */
		6F50B70C258A482400FF430C /* CommandPattern */ = {
			isa = PBXNativeTarget;
			buildConfigurationList = 6F50B724258A482600FF430C /* Build configuration list for PBXNativeTarget "CommandPattern" */;
			buildPhases = (
				6F50B709258A482400FF430C /* Sources */,
				6F50B70A258A482400FF430C /* Frameworks */,
				6F50B70B258A482400FF430C /* Resources */,
			);
			buildRules = (
			);
			dependencies = (
			);
			name = CommandPattern;
			productName = CommandPattern;
			productReference = 6F50B70D258A482400FF430C /* CommandPattern.app */;
			productType = "com.apple.product-type.application";
		};
/* End PBXNativeTarget section */

/* Begin PBXProject section */
		6F50B705258A482400FF430C /* Project object */ = {
			isa = PBXProject;
			attributes = {
				LastSwiftUpdateCheck = 1160;
				LastUpgradeCheck = 1160;
				ORGANIZATIONNAME = ryl;
				TargetAttributes = {
					6F50B70C258A482400FF430C = {
						CreatedOnToolsVersion = 11.6;
					};
				};
			};
			buildConfigurationList = 6F50B708258A482400FF430C /* Build configuration list for PBXProject "CommandPattern" */;
			compatibilityVersion = "Xcode 9.3";
			developmentRegion = en;
			hasScannedForEncodings = 0;
			knownRegions = (
				en,
				Base,
			);
			mainGroup = 6F50B704258A482400FF430C;
			productRefGroup = 6F50B70E258A482400FF430C /* Products */;
			projectDirPath = "";
			projectRoot = "";
			targets = (
				6F50B70C258A482400FF430C /* CommandPattern */,
			);
		};
/* End PBXProject section */

/* Begin PBXResourcesBuildPhase section */
		6F50B70B258A482400FF430C /* Resources */ = {
			isa = PBXResourcesBuildPhase;
			buildActionMask = 2147483647;
			files = (
				6F50B720258A482600FF430C /* LaunchScreen.storyboard in Resources */,
				6F50B71D258A482600FF430C /* Assets.xcassets in Resources */,
				6F50B718258A482400FF430C /* Main.storyboard in Resources */,
			);
			runOnlyForDeploymentPostprocessing = 0;
		};
/* End PBXResourcesBuildPhase section */

/* Begin PBXSourcesBuildPhase section */
		6F50B709258A482400FF430C /* Sources */ = {
			isa = PBXSourcesBuildPhase;
			buildActionMask = 2147483647;
			files = (
				6F50B71B258A482400FF430C /* CommandPattern.xcdatamodeld in Sources */,
				6F50B715258A482400FF430C /* ViewController.swift in Sources */,
				6F50B711258A482400FF430C /* AppDelegate.swift in Sources */,
				6F50B728258A485900FF430C /* CommandPattern.swift in Sources */,
				6F50B713258A482400FF430C /* SceneDelegate.swift in Sources */,
			);
			runOnlyForDeploymentPostprocessing = 0;
		};
/* End PBXSourcesBuildPhase section */

/* Begin PBXVariantGroup section */
		6F50B716258A482400FF430C /* Main.storyboard */ = {
			isa = PBXVariantGroup;
			children = (
				6F50B717258A482400FF430C /* Base */,
			);
			name = Main.storyboard;
			sourceTree = "<group>";
		};
		6F50B71E258A482600FF430C /* LaunchScreen.storyboard */ = {
			isa = PBXVariantGroup;
			children = (
				6F50B71F258A482600FF430C /* Base */,
			);
			name = LaunchScreen.storyboard;
			sourceTree = "<group>";
		};
/* End PBXVariantGroup section */

/* Begin XCBuildConfiguration section */
		6F50B722258A482600FF430C /* Debug */ = {
			isa = XCBuildConfiguration;
			buildSettings = {
				ALWAYS_SEARCH_USER_PATHS = NO;
				CLANG_ANALYZER_NONNULL = YES;
				CLANG_ANALYZER_NUMBER_OBJECT_CONVERSION = YES_AGGRESSIVE;
				CLANG_CXX_LANGUAGE_STANDARD = "gnu++14";
				CLANG_CXX_LIBRARY = "libc++";
				CLANG_ENABLE_MODULES = YES;
				CLANG_ENABLE_OBJC_ARC = YES;
				CLANG_ENABLE_OBJC_WEAK = YES;
				CLANG_WARN_BLOCK_CAPTURE_AUTORELEASING = YES;
				CLANG_WARN_BOOL_CONVERSION = YES;
				CLANG_WARN_COMMA = YES;
				CLANG_WARN_CONSTANT_CONVERSION = YES;
				CLANG_WARN_DEPRECATED_OBJC_IMPLEMENTATIONS = YES;
				CLANG_WARN_DIRECT_OBJC_ISA_USAGE = YES_ERROR;
				CLANG_WARN_DOCUMENTATION_COMMENTS = YES;
				CLANG_WARN_EMPTY_BODY = YES;
				CLANG_WARN_ENUM_CONVERSION = YES;
				CLANG_WARN_INFINITE_RECURSION = YES;
				CLANG_WARN_INT_CONVERSION = YES;
				CLANG_WARN_NON_LITERAL_NULL_CONVERSION = YES;
				CLANG_WARN_OBJC_IMPLICIT_RETAIN_SELF = YES;
				CLANG_WARN_OBJC_LITERAL_CONVERSION = YES;
				CLANG_WARN_OBJC_ROOT_CLASS = YES_ERROR;
				CLANG_WARN_RANGE_LOOP_ANALYSIS = YES;
				CLANG_WARN_STRICT_PROTOTYPES = YES;
				CLANG_WARN_SUSPICIOUS_MOVE = YES;
				CLANG_WARN_UNGUARDED_AVAILABILITY = YES_AGGRESSIVE;
				CLANG_WARN_UNREACHABLE_CODE = YES;
				CLANG_WARN__DUPLICATE_METHOD_MATCH = YES;
				COPY_PHASE_STRIP = NO;
				DEBUG_INFORMATION_FORMAT = dwarf;
				ENABLE_STRICT_OBJC_MSGSEND = YES;
				ENABLE_TESTABILITY = YES;
				GCC_C_LANGUAGE_STANDARD = gnu11;
				GCC_DYNAMIC_NO_PIC = NO;
				GCC_NO_COMMON_BLOCKS = YES;
				GCC_OPTIMIZATION_LEVEL = 0;
				GCC_PREPROCESSOR_DEFINITIONS = (
					"DEBUG=1",
					"$(inherited)",
				);
				GCC_WARN_64_TO_32_BIT_CONVERSION = YES;
				GCC_WARN_ABOUT_RETURN_TYPE = YES_ERROR;
				GCC_WARN_UNDECLARED_SELECTOR = YES;
				GCC_WARN_UNINITIALIZED_AUTOS = YES_AGGRESSIVE;
				GCC_WARN_UNUSED_FUNCTION = YES;
				GCC_WARN_UNUSED_VARIABLE = YES;
				IPHONEOS_DEPLOYMENT_TARGET = 13.6;
				MTL_ENABLE_DEBUG_INFO = INCLUDE_SOURCE;
				MTL_FAST_MATH = YES;
				ONLY_ACTIVE_ARCH = YES;
				SDKROOT = iphoneos;
				SWIFT_ACTIVE_COMPILATION_CONDITIONS = DEBUG;
				SWIFT_OPTIMIZATION_LEVEL = "-Onone";
			};
			name = Debug;
		};
		6F50B723258A482600FF430C /* Release */ = {
			isa = XCBuildConfiguration;
			buildSettings = {
				ALWAYS_SEARCH_USER_PATHS = NO;
				CLANG_ANALYZER_NONNULL = YES;
				CLANG_ANALYZER_NUMBER_OBJECT_CONVERSION = YES_AGGRESSIVE;
				CLANG_CXX_LANGUAGE_STANDARD = "gnu++14";
				CLANG_CXX_LIBRARY = "libc++";
				CLANG_ENABLE_MODULES = YES;
				CLANG_ENABLE_OBJC_ARC = YES;
				CLANG_ENABLE_OBJC_WEAK = YES;
				CLANG_WARN_BLOCK_CAPTURE_AUTORELEASING = YES;
				CLANG_WARN_BOOL_CONVERSION = YES;
				CLANG_WARN_COMMA = YES;
				CLANG_WARN_CONSTANT_CONVERSION = YES;
				CLANG_WARN_DEPRECATED_OBJC_IMPLEMENTATIONS = YES;
				CLANG_WARN_DIRECT_OBJC_ISA_USAGE = YES_ERROR;
				CLANG_WARN_DOCUMENTATION_COMMENTS = YES;
				CLANG_WARN_EMPTY_BODY = YES;
				CLANG_WARN_ENUM_CONVERSION = YES;
				CLANG_WARN_INFINITE_RECURSION = YES;
				CLANG_WARN_INT_CONVERSION = YES;
				CLANG_WARN_NON_LITERAL_NULL_CONVERSION = YES;
				CLANG_WARN_OBJC_IMPLICIT_RETAIN_SELF = YES;
				CLANG_WARN_OBJC_LITERAL_CONVERSION = YES;
				CLANG_WARN_OBJC_ROOT_CLASS = YES_ERROR;
				CLANG_WARN_RANGE_LOOP_ANALYSIS = YES;
				CLANG_WARN_STRICT_PROTOTYPES = YES;
				CLANG_WARN_SUSPICIOUS_MOVE = YES;
				CLANG_WARN_UNGUARDED_AVAILABILITY = YES_AGGRESSIVE;
				CLANG_WARN_UNREACHABLE_CODE = YES;
				CLANG_WARN__DUPLICATE_METHOD_MATCH = YES;
				COPY_PHASE_STRIP = NO;
				DEBUG_INFORMATION_FORMAT = "dwarf-with-dsym";
				ENABLE_NS_ASSERTIONS = NO;
				ENABLE_STRICT_OBJC_MSGSEND = YES;
				GCC_C_LANGUAGE_STANDARD = gnu11;
				GCC_NO_COMMON_BLOCKS = YES;
				GCC_WARN_64_TO_32_BIT_CONVERSION = YES;
				GCC_WARN_ABOUT_RETURN_TYPE = YES_ERROR;
				GCC_WARN_UNDECLARED_SELECTOR = YES;
				GCC_WARN_UNINITIALIZED_AUTOS = YES_AGGRESSIVE;
				GCC_WARN_UNUSED_FUNCTION = YES;
				GCC_WARN_UNUSED_VARIABLE = YES;
				IPHONEOS_DEPLOYMENT_TARGET = 13.6;
				MTL_ENABLE_DEBUG_INFO = NO;
				MTL_FAST_MATH = YES;
				SDKROOT = iphoneos;
				SWIFT_COMPILATION_MODE = wholemodule;
				SWIFT_OPTIMIZATION_LEVEL = "-O";
				VALIDATE_PRODUCT = YES;
			};
			name = Release;
		};
		6F50B725258A482600FF430C /* Debug */ = {
			isa = XCBuildConfiguration;
			buildSettings = {
				ASSETCATALOG_COMPILER_APPICON_NAME = AppIcon;
				CODE_SIGN_STYLE = Automatic;
				INFOPLIST_FILE = CommandPattern/Info.plist;
				LD_RUNPATH_SEARCH_PATHS = (
					"$(inherited)",
					"@executable_path/Frameworks",
				);
				PRODUCT_BUNDLE_IDENTIFIER = com.ryl.CommandPattern;
				PRODUCT_NAME = "$(TARGET_NAME)";
				SWIFT_VERSION = 5.0;
				TARGETED_DEVICE_FAMILY = "1,2";
			};
			name = Debug;
		};
		6F50B726258A482600FF430C /* Release */ = {
			isa = XCBuildConfiguration;
			buildSettings = {
				ASSETCATALOG_COMPILER_APPICON_NAME = AppIcon;
				CODE_SIGN_STYLE = Automatic;
				INFOPLIST_FILE = CommandPattern/Info.plist;
				LD_RUNPATH_SEARCH_PATHS = (
					"$(inherited)",
					"@executable_path/Frameworks",
				);
				PRODUCT_BUNDLE_IDENTIFIER = com.ryl.CommandPattern;
				PRODUCT_NAME = "$(TARGET_NAME)";
				SWIFT_VERSION = 5.0;
				TARGETED_DEVICE_FAMILY = "1,2";
			};
			name = Release;
		};
/* End XCBuildConfiguration section */

/* Begin XCConfigurationList section */
		6F50B708258A482400FF430C /* Build configuration list for PBXProject "CommandPattern" */ = {
			isa = XCConfigurationList;
			buildConfigurations = (
				6F50B722258A482600FF430C /* Debug */,
				6F50B723258A482600FF430C /* Release */,
			);
			defaultConfigurationIsVisible = 0;
			defaultConfigurationName = Release;
		};
		6F50B724258A482600FF430C /* Build configuration list for PBXNativeTarget "CommandPattern" */ = {
			isa = XCConfigurationList;
			buildConfigurations = (
				6F50B725258A482600FF430C /* Debug */,
				6F50B726258A482600FF430C /* Release */,
			);
			defaultConfigurationIsVisible = 0;
			defaultConfigurationName = Release;
		};
/* End XCConfigurationList section */

/* Begin XCVersionGroup section */
		6F50B719258A482400FF430C /* CommandPattern.xcdatamodeld */ = {
			isa = XCVersionGroup;
			children = (
				6F50B71A258A482400FF430C /* CommandPattern.xcdatamodel */,
			);
			currentVersion = 6F50B71A258A482400FF430C /* CommandPattern.xcdatamodel */;
			path = CommandPattern.xcdatamodeld;
			sourceTree = "<group>";
			versionGroupType = wrapper.xcdatamodel;
		};
/* End XCVersionGroup section */
	};
	rootObject = 6F50B705258A482400FF430C /* Project object */;
}
